// !$*UTF8*$!
{
	archiveVersion = 1;
	classes = {
	};
	objectVersion = 50;
	objects = {

/* Begin PBXBuildFile section */
		3836A4ED210E3459008E51AA /* Segment.swift in Sources */ = {isa = PBXBuildFile; fileRef = 3836A4EC210E3459008E51AA /* Segment.swift */; };
		3836A4EF210E3462008E51AA /* Route.swift in Sources */ = {isa = PBXBuildFile; fileRef = 3836A4EE210E3462008E51AA /* Route.swift */; };
		3836A4F3210E4F43008E51AA /* CLLocationCoordinate2D.swift in Sources */ = {isa = PBXBuildFile; fileRef = 3836A4F2210E4F43008E51AA /* CLLocationCoordinate2D.swift */; };
		3836A4F9210E511E008E51AA /* APIRequest.swift in Sources */ = {isa = PBXBuildFile; fileRef = 3836A4F4210E511E008E51AA /* APIRequest.swift */; };
		3836A4FA210E511E008E51AA /* DefaultNetworkClient.swift in Sources */ = {isa = PBXBuildFile; fileRef = 3836A4F5210E511E008E51AA /* DefaultNetworkClient.swift */; };
		3836A4FB210E511E008E51AA /* NetworkClient.swift in Sources */ = {isa = PBXBuildFile; fileRef = 3836A4F6210E511E008E51AA /* NetworkClient.swift */; };
		3836A4FC210E511E008E51AA /* RequestBuilder.swift in Sources */ = {isa = PBXBuildFile; fileRef = 3836A4F7210E511E008E51AA /* RequestBuilder.swift */; };
		3836A4FD210E511E008E51AA /* DefaultRequestBuilder.swift in Sources */ = {isa = PBXBuildFile; fileRef = 3836A4F8210E511E008E51AA /* DefaultRequestBuilder.swift */; };
		3836A500210E5216008E51AA /* Result.swift in Sources */ = {isa = PBXBuildFile; fileRef = 3836A4FF210E5216008E51AA /* Result.swift */; };
		3836A502210E52B7008E51AA /* RequestError.swift in Sources */ = {isa = PBXBuildFile; fileRef = 3836A501210E52B7008E51AA /* RequestError.swift */; };
		3836A504210E5493008E51AA /* RouteRequest.swift in Sources */ = {isa = PBXBuildFile; fileRef = 3836A503210E5493008E51AA /* RouteRequest.swift */; };
		38F21DBB20E7BF28000D07C9 /* AppDelegate.swift in Sources */ = {isa = PBXBuildFile; fileRef = 38F21DBA20E7BF28000D07C9 /* AppDelegate.swift */; };
		38F21DBD20E7BF28000D07C9 /* MapViewController.swift in Sources */ = {isa = PBXBuildFile; fileRef = 38F21DBC20E7BF28000D07C9 /* MapViewController.swift */; };
		38F21DC220E7BF2F000D07C9 /* Assets.xcassets in Resources */ = {isa = PBXBuildFile; fileRef = 38F21DC120E7BF2F000D07C9 /* Assets.xcassets */; };
		38F21DC520E7BF2F000D07C9 /* LaunchScreen.storyboard in Resources */ = {isa = PBXBuildFile; fileRef = 38F21DC320E7BF2F000D07C9 /* LaunchScreen.storyboard */; };
		38F21DD020E7BF2F000D07C9 /* BikeRouteFinderTests.swift in Sources */ = {isa = PBXBuildFile; fileRef = 38F21DCF20E7BF2F000D07C9 /* BikeRouteFinderTests.swift */; };
/* End PBXBuildFile section */

/* Begin PBXContainerItemProxy section */
		38F21DCC20E7BF2F000D07C9 /* PBXContainerItemProxy */ = {
			isa = PBXContainerItemProxy;
			containerPortal = 38F21DAF20E7BF27000D07C9 /* Project object */;
			proxyType = 1;
			remoteGlobalIDString = 38F21DB620E7BF28000D07C9;
			remoteInfo = BikeRouteFinder;
		};
/* End PBXContainerItemProxy section */

/* Begin PBXFileReference section */
		3836A4EC210E3459008E51AA /* Segment.swift */ = {isa = PBXFileReference; lastKnownFileType = sourcecode.swift; path = Segment.swift; sourceTree = "<group>"; };
		3836A4EE210E3462008E51AA /* Route.swift */ = {isa = PBXFileReference; lastKnownFileType = sourcecode.swift; path = Route.swift; sourceTree = "<group>"; };
		3836A4F2210E4F43008E51AA /* CLLocationCoordinate2D.swift */ = {isa = PBXFileReference; lastKnownFileType = sourcecode.swift; path = CLLocationCoordinate2D.swift; sourceTree = "<group>"; };
		3836A4F4210E511E008E51AA /* APIRequest.swift */ = {isa = PBXFileReference; fileEncoding = 4; lastKnownFileType = sourcecode.swift; path = APIRequest.swift; sourceTree = "<group>"; };
		3836A4F5210E511E008E51AA /* DefaultNetworkClient.swift */ = {isa = PBXFileReference; fileEncoding = 4; lastKnownFileType = sourcecode.swift; path = DefaultNetworkClient.swift; sourceTree = "<group>"; };
		3836A4F6210E511E008E51AA /* NetworkClient.swift */ = {isa = PBXFileReference; fileEncoding = 4; lastKnownFileType = sourcecode.swift; path = NetworkClient.swift; sourceTree = "<group>"; };
		3836A4F7210E511E008E51AA /* RequestBuilder.swift */ = {isa = PBXFileReference; fileEncoding = 4; lastKnownFileType = sourcecode.swift; path = RequestBuilder.swift; sourceTree = "<group>"; };
		3836A4F8210E511E008E51AA /* DefaultRequestBuilder.swift */ = {isa = PBXFileReference; fileEncoding = 4; lastKnownFileType = sourcecode.swift; path = DefaultRequestBuilder.swift; sourceTree = "<group>"; };
		3836A4FF210E5216008E51AA /* Result.swift */ = {isa = PBXFileReference; lastKnownFileType = sourcecode.swift; path = Result.swift; sourceTree = "<group>"; };
		3836A501210E52B7008E51AA /* RequestError.swift */ = {isa = PBXFileReference; fileEncoding = 4; lastKnownFileType = sourcecode.swift; path = RequestError.swift; sourceTree = "<group>"; };
		3836A503210E5493008E51AA /* RouteRequest.swift */ = {isa = PBXFileReference; lastKnownFileType = sourcecode.swift; path = RouteRequest.swift; sourceTree = "<group>"; };
		38F21DB720E7BF28000D07C9 /* BikeRouteFinder.app */ = {isa = PBXFileReference; explicitFileType = wrapper.application; includeInIndex = 0; path = BikeRouteFinder.app; sourceTree = BUILT_PRODUCTS_DIR; };
		38F21DBA20E7BF28000D07C9 /* AppDelegate.swift */ = {isa = PBXFileReference; lastKnownFileType = sourcecode.swift; path = AppDelegate.swift; sourceTree = "<group>"; };
		38F21DBC20E7BF28000D07C9 /* MapViewController.swift */ = {isa = PBXFileReference; lastKnownFileType = sourcecode.swift; path = MapViewController.swift; sourceTree = "<group>"; };
		38F21DC120E7BF2F000D07C9 /* Assets.xcassets */ = {isa = PBXFileReference; lastKnownFileType = folder.assetcatalog; path = Assets.xcassets; sourceTree = "<group>"; };
		38F21DC420E7BF2F000D07C9 /* Base */ = {isa = PBXFileReference; lastKnownFileType = file.storyboard; name = Base; path = Base.lproj/LaunchScreen.storyboard; sourceTree = "<group>"; };
		38F21DC620E7BF2F000D07C9 /* Info.plist */ = {isa = PBXFileReference; lastKnownFileType = text.plist.xml; path = Info.plist; sourceTree = "<group>"; };
		38F21DCB20E7BF2F000D07C9 /* BikeRouteFinderTests.xctest */ = {isa = PBXFileReference; explicitFileType = wrapper.cfbundle; includeInIndex = 0; path = BikeRouteFinderTests.xctest; sourceTree = BUILT_PRODUCTS_DIR; };
		38F21DCF20E7BF2F000D07C9 /* BikeRouteFinderTests.swift */ = {isa = PBXFileReference; lastKnownFileType = sourcecode.swift; path = BikeRouteFinderTests.swift; sourceTree = "<group>"; };
		38F21DD120E7BF2F000D07C9 /* Info.plist */ = {isa = PBXFileReference; lastKnownFileType = text.plist.xml; path = Info.plist; sourceTree = "<group>"; };
/* End PBXFileReference section */

/* Begin PBXFrameworksBuildPhase section */
		38F21DB420E7BF28000D07C9 /* Frameworks */ = {
			isa = PBXFrameworksBuildPhase;
			buildActionMask = 2147483647;
			files = (
			);
			runOnlyForDeploymentPostprocessing = 0;
		};
		38F21DC820E7BF2F000D07C9 /* Frameworks */ = {
			isa = PBXFrameworksBuildPhase;
			buildActionMask = 2147483647;
			files = (
			);
			runOnlyForDeploymentPostprocessing = 0;
		};
/* End PBXFrameworksBuildPhase section */

/* Begin PBXGroup section */
		3836A4E9210E343C008E51AA /* View Controllers */ = {
			isa = PBXGroup;
			children = (
				38F21DBC20E7BF28000D07C9 /* MapViewController.swift */,
			);
			path = "View Controllers";
			sourceTree = "<group>";
		};
		3836A4EA210E3444008E51AA /* Network */ = {
			isa = PBXGroup;
			children = (
				3836A4F6210E511E008E51AA /* NetworkClient.swift */,
				3836A4F5210E511E008E51AA /* DefaultNetworkClient.swift */,
				3836A4F7210E511E008E51AA /* RequestBuilder.swift */,
				3836A4F8210E511E008E51AA /* DefaultRequestBuilder.swift */,
				3836A501210E52B7008E51AA /* RequestError.swift */,
				3836A4FE210E5127008E51AA /* Requests */,
			);
			path = Network;
			sourceTree = "<group>";
		};
		3836A4EB210E344A008E51AA /* Model */ = {
			isa = PBXGroup;
			children = (
				3836A4FF210E5216008E51AA /* Result.swift */,
				3836A4EE210E3462008E51AA /* Route.swift */,
				3836A4EC210E3459008E51AA /* Segment.swift */,
			);
			path = Model;
			sourceTree = "<group>";
		};
		3836A4F1210E4F32008E51AA /* Extensions */ = {
			isa = PBXGroup;
			children = (
				3836A4F2210E4F43008E51AA /* CLLocationCoordinate2D.swift */,
			);
			path = Extensions;
			sourceTree = "<group>";
		};
		3836A4FE210E5127008E51AA /* Requests */ = {
			isa = PBXGroup;
			children = (
				3836A4F4210E511E008E51AA /* APIRequest.swift */,
				3836A503210E5493008E51AA /* RouteRequest.swift */,
			);
			path = Requests;
			sourceTree = "<group>";
		};
		38F21DAE20E7BF27000D07C9 = {
			isa = PBXGroup;
			children = (
				38F21DB920E7BF28000D07C9 /* BikeRouteFinder */,
				38F21DCE20E7BF2F000D07C9 /* BikeRouteFinderTests */,
				38F21DB820E7BF28000D07C9 /* Products */,
			);
			sourceTree = "<group>";
		};
		38F21DB820E7BF28000D07C9 /* Products */ = {
			isa = PBXGroup;
			children = (
				38F21DB720E7BF28000D07C9 /* BikeRouteFinder.app */,
				38F21DCB20E7BF2F000D07C9 /* BikeRouteFinderTests.xctest */,
			);
			name = Products;
			sourceTree = "<group>";
		};
		38F21DB920E7BF28000D07C9 /* BikeRouteFinder */ = {
			isa = PBXGroup;
			children = (
				38F21DBA20E7BF28000D07C9 /* AppDelegate.swift */,
				3836A4E9210E343C008E51AA /* View Controllers */,
				3836A4F1210E4F32008E51AA /* Extensions */,
				3836A4EB210E344A008E51AA /* Model */,
				3836A4EA210E3444008E51AA /* Network */,
				38F21DC120E7BF2F000D07C9 /* Assets.xcassets */,
				38F21DC320E7BF2F000D07C9 /* LaunchScreen.storyboard */,
				38F21DC620E7BF2F000D07C9 /* Info.plist */,
			);
			path = BikeRouteFinder;
			sourceTree = "<group>";
		};
		38F21DCE20E7BF2F000D07C9 /* BikeRouteFinderTests */ = {
			isa = PBXGroup;
			children = (
				38F21DCF20E7BF2F000D07C9 /* BikeRouteFinderTests.swift */,
				38F21DD120E7BF2F000D07C9 /* Info.plist */,
			);
			path = BikeRouteFinderTests;
			sourceTree = "<group>";
		};
/* End PBXGroup section */

/* Begin PBXNativeTarget section */
		38F21DB620E7BF28000D07C9 /* BikeRouteFinder */ = {
			isa = PBXNativeTarget;
			buildConfigurationList = 38F21DD420E7BF2F000D07C9 /* Build configuration list for PBXNativeTarget "BikeRouteFinder" */;
			buildPhases = (
				38F21DB320E7BF28000D07C9 /* Sources */,
				38F21DB420E7BF28000D07C9 /* Frameworks */,
				38F21DB520E7BF28000D07C9 /* Resources */,
			);
			buildRules = (
			);
			dependencies = (
			);
			name = BikeRouteFinder;
			productName = BikeRouteFinder;
			productReference = 38F21DB720E7BF28000D07C9 /* BikeRouteFinder.app */;
			productType = "com.apple.product-type.application";
		};
		38F21DCA20E7BF2F000D07C9 /* BikeRouteFinderTests */ = {
			isa = PBXNativeTarget;
			buildConfigurationList = 38F21DD720E7BF2F000D07C9 /* Build configuration list for PBXNativeTarget "BikeRouteFinderTests" */;
			buildPhases = (
				38F21DC720E7BF2F000D07C9 /* Sources */,
				38F21DC820E7BF2F000D07C9 /* Frameworks */,
				38F21DC920E7BF2F000D07C9 /* Resources */,
			);
			buildRules = (
			);
			dependencies = (
				38F21DCD20E7BF2F000D07C9 /* PBXTargetDependency */,
			);
			name = BikeRouteFinderTests;
			productName = BikeRouteFinderTests;
			productReference = 38F21DCB20E7BF2F000D07C9 /* BikeRouteFinderTests.xctest */;
			productType = "com.apple.product-type.bundle.unit-test";
		};
/* End PBXNativeTarget section */

/* Begin PBXProject section */
		38F21DAF20E7BF27000D07C9 /* Project object */ = {
			isa = PBXProject;
			attributes = {
				LastSwiftUpdateCheck = 0930;
				LastUpgradeCheck = 0930;
				ORGANIZATIONNAME = agh;
				TargetAttributes = {
					38F21DB620E7BF28000D07C9 = {
						CreatedOnToolsVersion = 9.3;
					};
					38F21DCA20E7BF2F000D07C9 = {
						CreatedOnToolsVersion = 9.3;
						TestTargetID = 38F21DB620E7BF28000D07C9;
					};
				};
			};
			buildConfigurationList = 38F21DB220E7BF27000D07C9 /* Build configuration list for PBXProject "BikeRouteFinder" */;
			compatibilityVersion = "Xcode 9.3";
			developmentRegion = en;
			hasScannedForEncodings = 0;
			knownRegions = (
				en,
				Base,
			);
			mainGroup = 38F21DAE20E7BF27000D07C9;
			productRefGroup = 38F21DB820E7BF28000D07C9 /* Products */;
			projectDirPath = "";
			projectRoot = "";
			targets = (
				38F21DB620E7BF28000D07C9 /* BikeRouteFinder */,
				38F21DCA20E7BF2F000D07C9 /* BikeRouteFinderTests */,
			);
		};
/* End PBXProject section */

/* Begin PBXResourcesBuildPhase section */
		38F21DB520E7BF28000D07C9 /* Resources */ = {
			isa = PBXResourcesBuildPhase;
			buildActionMask = 2147483647;
			files = (
				38F21DC520E7BF2F000D07C9 /* LaunchScreen.storyboard in Resources */,
				38F21DC220E7BF2F000D07C9 /* Assets.xcassets in Resources */,
			);
			runOnlyForDeploymentPostprocessing = 0;
		};
		38F21DC920E7BF2F000D07C9 /* Resources */ = {
			isa = PBXResourcesBuildPhase;
			buildActionMask = 2147483647;
			files = (
			);
			runOnlyForDeploymentPostprocessing = 0;
		};
/* End PBXResourcesBuildPhase section */

/* Begin PBXSourcesBuildPhase section */
		38F21DB320E7BF28000D07C9 /* Sources */ = {
			isa = PBXSourcesBuildPhase;
			buildActionMask = 2147483647;
			files = (
				38F21DBD20E7BF28000D07C9 /* MapViewController.swift in Sources */,
				3836A4EF210E3462008E51AA /* Route.swift in Sources */,
				3836A504210E5493008E51AA /* RouteRequest.swift in Sources */,
				3836A4FA210E511E008E51AA /* DefaultNetworkClient.swift in Sources */,
				3836A4FC210E511E008E51AA /* RequestBuilder.swift in Sources */,
				3836A4ED210E3459008E51AA /* Segment.swift in Sources */,
				3836A4FD210E511E008E51AA /* DefaultRequestBuilder.swift in Sources */,
				3836A4F3210E4F43008E51AA /* CLLocationCoordinate2D.swift in Sources */,
				3836A4F9210E511E008E51AA /* APIRequest.swift in Sources */,
				3836A502210E52B7008E51AA /* RequestError.swift in Sources */,
				38F21DBB20E7BF28000D07C9 /* AppDelegate.swift in Sources */,
				3836A4FB210E511E008E51AA /* NetworkClient.swift in Sources */,
				3836A500210E5216008E51AA /* Result.swift in Sources */,
			);
			runOnlyForDeploymentPostprocessing = 0;
		};
		38F21DC720E7BF2F000D07C9 /* Sources */ = {
			isa = PBXSourcesBuildPhase;
			buildActionMask = 2147483647;
			files = (
				38F21DD020E7BF2F000D07C9 /* BikeRouteFinderTests.swift in Sources */,
			);
			runOnlyForDeploymentPostprocessing = 0;
		};
/* End PBXSourcesBuildPhase section */

/* Begin PBXTargetDependency section */
		38F21DCD20E7BF2F000D07C9 /* PBXTargetDependency */ = {
			isa = PBXTargetDependency;
			target = 38F21DB620E7BF28000D07C9 /* BikeRouteFinder */;
			targetProxy = 38F21DCC20E7BF2F000D07C9 /* PBXContainerItemProxy */;
		};
/* End PBXTargetDependency section */

/* Begin PBXVariantGroup section */
		38F21DC320E7BF2F000D07C9 /* LaunchScreen.storyboard */ = {
			isa = PBXVariantGroup;
			children = (
				38F21DC420E7BF2F000D07C9 /* Base */,
			);
			name = LaunchScreen.storyboard;
			sourceTree = "<group>";
		};
/* End PBXVariantGroup section */

/* Begin XCBuildConfiguration section */
		38F21DD220E7BF2F000D07C9 /* Debug */ = {
			isa = XCBuildConfiguration;
			buildSettings = {
				ALWAYS_SEARCH_USER_PATHS = NO;
				CLANG_ANALYZER_NONNULL = YES;
				CLANG_ANALYZER_NUMBER_OBJECT_CONVERSION = YES_AGGRESSIVE;
				CLANG_CXX_LANGUAGE_STANDARD = "gnu++14";
				CLANG_CXX_LIBRARY = "libc++";
				CLANG_ENABLE_MODULES = YES;
				CLANG_ENABLE_OBJC_ARC = YES;
				CLANG_ENABLE_OBJC_WEAK = YES;
				CLANG_WARN_BLOCK_CAPTURE_AUTORELEASING = YES;
				CLANG_WARN_BOOL_CONVERSION = YES;
				CLANG_WARN_COMMA = YES;
				CLANG_WARN_CONSTANT_CONVERSION = YES;
				CLANG_WARN_DEPRECATED_OBJC_IMPLEMENTATIONS = YES;
				CLANG_WARN_DIRECT_OBJC_ISA_USAGE = YES_ERROR;
				CLANG_WARN_DOCUMENTATION_COMMENTS = YES;
				CLANG_WARN_EMPTY_BODY = YES;
				CLANG_WARN_ENUM_CONVERSION = YES;
				CLANG_WARN_INFINITE_RECURSION = YES;
				CLANG_WARN_INT_CONVERSION = YES;
				CLANG_WARN_NON_LITERAL_NULL_CONVERSION = YES;
				CLANG_WARN_OBJC_IMPLICIT_RETAIN_SELF = YES;
				CLANG_WARN_OBJC_LITERAL_CONVERSION = YES;
				CLANG_WARN_OBJC_ROOT_CLASS = YES_ERROR;
				CLANG_WARN_RANGE_LOOP_ANALYSIS = YES;
				CLANG_WARN_STRICT_PROTOTYPES = YES;
				CLANG_WARN_SUSPICIOUS_MOVE = YES;
				CLANG_WARN_UNGUARDED_AVAILABILITY = YES_AGGRESSIVE;
				CLANG_WARN_UNREACHABLE_CODE = YES;
				CLANG_WARN__DUPLICATE_METHOD_MATCH = YES;
				CODE_SIGN_IDENTITY = "iPhone Developer";
				COPY_PHASE_STRIP = NO;
				DEBUG_INFORMATION_FORMAT = dwarf;
				ENABLE_STRICT_OBJC_MSGSEND = YES;
				ENABLE_TESTABILITY = YES;
				GCC_C_LANGUAGE_STANDARD = gnu11;
				GCC_DYNAMIC_NO_PIC = NO;
				GCC_NO_COMMON_BLOCKS = YES;
				GCC_OPTIMIZATION_LEVEL = 0;
				GCC_PREPROCESSOR_DEFINITIONS = (
					"DEBUG=1",
					"$(inherited)",
				);
				GCC_WARN_64_TO_32_BIT_CONVERSION = YES;
				GCC_WARN_ABOUT_RETURN_TYPE = YES_ERROR;
				GCC_WARN_UNDECLARED_SELECTOR = YES;
				GCC_WARN_UNINITIALIZED_AUTOS = YES_AGGRESSIVE;
				GCC_WARN_UNUSED_FUNCTION = YES;
				GCC_WARN_UNUSED_VARIABLE = YES;
				IPHONEOS_DEPLOYMENT_TARGET = 11.3;
				MTL_ENABLE_DEBUG_INFO = YES;
				ONLY_ACTIVE_ARCH = YES;
				SDKROOT = iphoneos;
				SWIFT_ACTIVE_COMPILATION_CONDITIONS = DEBUG;
				SWIFT_OPTIMIZATION_LEVEL = "-Onone";
			};
			name = Debug;
		};
		38F21DD320E7BF2F000D07C9 /* Release */ = {
			isa = XCBuildConfiguration;
			buildSettings = {
				ALWAYS_SEARCH_USER_PATHS = NO;
				CLANG_ANALYZER_NONNULL = YES;
				CLANG_ANALYZER_NUMBER_OBJECT_CONVERSION = YES_AGGRESSIVE;
				CLANG_CXX_LANGUAGE_STANDARD = "gnu++14";
				CLANG_CXX_LIBRARY = "libc++";
				CLANG_ENABLE_MODULES = YES;
				CLANG_ENABLE_OBJC_ARC = YES;
				CLANG_ENABLE_OBJC_WEAK = YES;
				CLANG_WARN_BLOCK_CAPTURE_AUTORELEASING = YES;
				CLANG_WARN_BOOL_CONVERSION = YES;
				CLANG_WARN_COMMA = YES;
				CLANG_WARN_CONSTANT_CONVERSION = YES;
				CLANG_WARN_DEPRECATED_OBJC_IMPLEMENTATIONS = YES;
				CLANG_WARN_DIRECT_OBJC_ISA_USAGE = YES_ERROR;
				CLANG_WARN_DOCUMENTATION_COMMENTS = YES;
				CLANG_WARN_EMPTY_BODY = YES;
				CLANG_WARN_ENUM_CONVERSION = YES;
				CLANG_WARN_INFINITE_RECURSION = YES;
				CLANG_WARN_INT_CONVERSION = YES;
				CLANG_WARN_NON_LITERAL_NULL_CONVERSION = YES;
				CLANG_WARN_OBJC_IMPLICIT_RETAIN_SELF = YES;
				CLANG_WARN_OBJC_LITERAL_CONVERSION = YES;
				CLANG_WARN_OBJC_ROOT_CLASS = YES_ERROR;
				CLANG_WARN_RANGE_LOOP_ANALYSIS = YES;
				CLANG_WARN_STRICT_PROTOTYPES = YES;
				CLANG_WARN_SUSPICIOUS_MOVE = YES;
				CLANG_WARN_UNGUARDED_AVAILABILITY = YES_AGGRESSIVE;
				CLANG_WARN_UNREACHABLE_CODE = YES;
				CLANG_WARN__DUPLICATE_METHOD_MATCH = YES;
				CODE_SIGN_IDENTITY = "iPhone Developer";
				COPY_PHASE_STRIP = NO;
				DEBUG_INFORMATION_FORMAT = "dwarf-with-dsym";
				ENABLE_NS_ASSERTIONS = NO;
				ENABLE_STRICT_OBJC_MSGSEND = YES;
				GCC_C_LANGUAGE_STANDARD = gnu11;
				GCC_NO_COMMON_BLOCKS = YES;
				GCC_WARN_64_TO_32_BIT_CONVERSION = YES;
				GCC_WARN_ABOUT_RETURN_TYPE = YES_ERROR;
				GCC_WARN_UNDECLARED_SELECTOR = YES;
				GCC_WARN_UNINITIALIZED_AUTOS = YES_AGGRESSIVE;
				GCC_WARN_UNUSED_FUNCTION = YES;
				GCC_WARN_UNUSED_VARIABLE = YES;
				IPHONEOS_DEPLOYMENT_TARGET = 11.3;
				MTL_ENABLE_DEBUG_INFO = NO;
				SDKROOT = iphoneos;
				SWIFT_COMPILATION_MODE = wholemodule;
				SWIFT_OPTIMIZATION_LEVEL = "-O";
				VALIDATE_PRODUCT = YES;
			};
			name = Release;
		};
		38F21DD520E7BF2F000D07C9 /* Debug */ = {
			isa = XCBuildConfiguration;
			buildSettings = {
				ASSETCATALOG_COMPILER_APPICON_NAME = AppIcon;
				CODE_SIGN_STYLE = Automatic;
				DEVELOPMENT_TEAM = 6M3573A3P7;
				INFOPLIST_FILE = BikeRouteFinder/Info.plist;
				LD_RUNPATH_SEARCH_PATHS = (
					"$(inherited)",
					"@executable_path/Frameworks",
				);
				PRODUCT_BUNDLE_IDENTIFIER = agh.BikeRouteFinder;
				PRODUCT_NAME = "$(TARGET_NAME)";
				SWIFT_VERSION = 4.0;
				TARGETED_DEVICE_FAMILY = "1,2";
			};
			name = Debug;
		};
		38F21DD620E7BF2F000D07C9 /* Release */ = {
			isa = XCBuildConfiguration;
			buildSettings = {
				ASSETCATALOG_COMPILER_APPICON_NAME = AppIcon;
				CODE_SIGN_STYLE = Automatic;
				DEVELOPMENT_TEAM = 6M3573A3P7;
				INFOPLIST_FILE = BikeRouteFinder/Info.plist;
				LD_RUNPATH_SEARCH_PATHS = (
					"$(inherited)",
					"@executable_path/Frameworks",
				);
				PRODUCT_BUNDLE_IDENTIFIER = agh.BikeRouteFinder;
				PRODUCT_NAME = "$(TARGET_NAME)";
				SWIFT_VERSION = 4.0;
				TARGETED_DEVICE_FAMILY = "1,2";
			};
			name = Release;
		};
		38F21DD820E7BF2F000D07C9 /* Debug */ = {
			isa = XCBuildConfiguration;
			buildSettings = {
				ALWAYS_EMBED_SWIFT_STANDARD_LIBRARIES = YES;
				BUNDLE_LOADER = "$(TEST_HOST)";
				CODE_SIGN_STYLE = Automatic;
				DEVELOPMENT_TEAM = 6M3573A3P7;
				INFOPLIST_FILE = BikeRouteFinderTests/Info.plist;
				LD_RUNPATH_SEARCH_PATHS = (
					"$(inherited)",
					"@executable_path/Frameworks",
					"@loader_path/Frameworks",
				);
				PRODUCT_BUNDLE_IDENTIFIER = agh.BikeRouteFinderTests;
				PRODUCT_NAME = "$(TARGET_NAME)";
				SWIFT_VERSION = 4.0;
				TARGETED_DEVICE_FAMILY = "1,2";
				TEST_HOST = "$(BUILT_PRODUCTS_DIR)/BikeRouteFinder.app/BikeRouteFinder";
			};
			name = Debug;
		};
		38F21DD920E7BF2F000D07C9 /* Release */ = {
			isa = XCBuildConfiguration;
			buildSettings = {
				ALWAYS_EMBED_SWIFT_STANDARD_LIBRARIES = YES;
				BUNDLE_LOADER = "$(TEST_HOST)";
				CODE_SIGN_STYLE = Automatic;
				DEVELOPMENT_TEAM = 6M3573A3P7;
				INFOPLIST_FILE = BikeRouteFinderTests/Info.plist;
				LD_RUNPATH_SEARCH_PATHS = (
					"$(inherited)",
					"@executable_path/Frameworks",
					"@loader_path/Frameworks",
				);
				PRODUCT_BUNDLE_IDENTIFIER = agh.BikeRouteFinderTests;
				PRODUCT_NAME = "$(TARGET_NAME)";
				SWIFT_VERSION = 4.0;
				TARGETED_DEVICE_FAMILY = "1,2";
				TEST_HOST = "$(BUILT_PRODUCTS_DIR)/BikeRouteFinder.app/BikeRouteFinder";
			};
			name = Release;
		};
/* End XCBuildConfiguration section */

/* Begin XCConfigurationList section */
		38F21DB220E7BF27000D07C9 /* Build configuration list for PBXProject "BikeRouteFinder" */ = {
			isa = XCConfigurationList;
			buildConfigurations = (
				38F21DD220E7BF2F000D07C9 /* Debug */,
				38F21DD320E7BF2F000D07C9 /* Release */,
			);
			defaultConfigurationIsVisible = 0;
			defaultConfigurationName = Release;
		};
		38F21DD420E7BF2F000D07C9 /* Build configuration list for PBXNativeTarget "BikeRouteFinder" */ = {
			isa = XCConfigurationList;
			buildConfigurations = (
				38F21DD520E7BF2F000D07C9 /* Debug */,
				38F21DD620E7BF2F000D07C9 /* Release */,
			);
			defaultConfigurationIsVisible = 0;
			defaultConfigurationName = Release;
		};
		38F21DD720E7BF2F000D07C9 /* Build configuration list for PBXNativeTarget "BikeRouteFinderTests" */ = {
			isa = XCConfigurationList;
			buildConfigurations = (
				38F21DD820E7BF2F000D07C9 /* Debug */,
				38F21DD920E7BF2F000D07C9 /* Release */,
			);
			defaultConfigurationIsVisible = 0;
			defaultConfigurationName = Release;
		};
/* End XCConfigurationList section */
	};
	rootObject = 38F21DAF20E7BF27000D07C9 /* Project object */;
}
